dependencies:
- name: redis
  repository: https://kubernetes-charts.storage.googleapis.com/
  version: 10.3.4
- name: minio
  repository: https://kubernetes-charts.storage.googleapis.com/
  version: 5.0.5
digest: sha256:4fe921c5a304159485ac333996d02896820a48fb39a5e4b8a6e9690bd64cd609
generated: "2020-07-17T10:26:34.583081484+05:30"
